{
  "name": "maskman",
  "version": "1.0.0",
  "lockfileVersion": 1,
  "requires": true,
  "dependencies": {
    "@types/jquery": {
      "version": "3.3.37",
      "resolved": "https://registry.npmjs.org/@types/jquery/-/jquery-3.3.37.tgz",
      "integrity": "sha512-4MNntGYm6xdDiz2+B92xEmWcFN9mOeMXqS854lSe7LDpBhzscUjvXjCAl6JwPBtAkqmPZq+L4I5UyXXNDZyq4Q==",
      "dev": true,
      "requires": {
        "@types/sizzle": "*"
      }
    },
    "@types/jquery-mask-plugin": {
      "version": "1.14.3",
      "resolved": "https://registry.npmjs.org/@types/jquery-mask-plugin/-/jquery-mask-plugin-1.14.3.tgz",
      "integrity": "sha512-YOUE1q0JXB5UCIM3PcQDhYXLYKSiOs6l82p4Icl2sq5ffl4zxDwOiVoSG2fnoSUR+r03Hx2/T6Eab09jpCoCTQ==",
      "dev": true,
      "requires": {
        "@types/jquery": "*"
      }
    },
    "@types/sizzle": {
      "version": "2.3.2",
      "resolved": "https://registry.npmjs.org/@types/sizzle/-/sizzle-2.3.2.tgz",
      "integrity": "sha512-7EJYyKTL7tFR8+gDbB6Wwz/arpGa0Mywk1TJbNzKzHtzbwVmY4HR9WqS5VV7dsBUKQmPNr192jHr/VpBluj/hg==",
      "dev": true
    },
    "imask": {
      "version": "6.0.3",
      "resolved": "https://registry.npmjs.org/imask/-/imask-6.0.3.tgz",
      "integrity": "sha512-OE6qySFaLUBMLLdcYMaVeCt0MadFs2sn1TcTgdcADsziET2LKU0RFbL5YJtfc9Rj1RLpOWMeV8AXCimGoJBM+w=="
    }
  }
}
