{
  "name": "maskman",
  "version": "1.0.0",
  "lockfileVersion": 1,
  "requires": true,
  "dependencies": {
    "imask": {
      "version": "6.0.3",
      "resolved": "https://registry.npmjs.org/imask/-/imask-6.0.3.tgz",
      "integrity": "sha512-OE6qySFaLUBMLLdcYMaVeCt0MadFs2sn1TcTgdcADsziET2LKU0RFbL5YJtfc9Rj1RLpOWMeV8AXCimGoJBM+w=="
    }
  }
}
